// !$*UTF8*$!
{
	archiveVersion = 1;
	classes = {
	};
	objectVersion = 50;
	objects = {

/* Begin PBXBuildFile section */
		3A059FAB26C6B831005D67FC /* AppDelegate.swift in Sources */ = {isa = PBXBuildFile; fileRef = 3A059FAA26C6B831005D67FC /* AppDelegate.swift */; };
		3A059FAD26C6B831005D67FC /* SceneDelegate.swift in Sources */ = {isa = PBXBuildFile; fileRef = 3A059FAC26C6B831005D67FC /* SceneDelegate.swift */; };
		3A059FAF26C6B831005D67FC /* ViewController.swift in Sources */ = {isa = PBXBuildFile; fileRef = 3A059FAE26C6B831005D67FC /* ViewController.swift */; };
		3A059FB226C6B831005D67FC /* Main.storyboard in Resources */ = {isa = PBXBuildFile; fileRef = 3A059FB026C6B831005D67FC /* Main.storyboard */; };
		3A059FB426C6B832005D67FC /* Assets.xcassets in Resources */ = {isa = PBXBuildFile; fileRef = 3A059FB326C6B832005D67FC /* Assets.xcassets */; };
		3A059FB726C6B832005D67FC /* LaunchScreen.storyboard in Resources */ = {isa = PBXBuildFile; fileRef = 3A059FB526C6B832005D67FC /* LaunchScreen.storyboard */; };
		3A059FC026C6BF31005D67FC /* CustomCollectionViewCell.swift in Sources */ = {isa = PBXBuildFile; fileRef = 3A059FBE26C6BF31005D67FC /* CustomCollectionViewCell.swift */; };
		3A059FC126C6BF31005D67FC /* CustomCollectionViewCell.xib in Resources */ = {isa = PBXBuildFile; fileRef = 3A059FBF26C6BF31005D67FC /* CustomCollectionViewCell.xib */; };
		3A059FC426C6C335005D67FC /* CustomTableViewCell.swift in Sources */ = {isa = PBXBuildFile; fileRef = 3A059FC226C6C335005D67FC /* CustomTableViewCell.swift */; };
		3A059FC526C6C335005D67FC /* CustomTableViewCell.xib in Resources */ = {isa = PBXBuildFile; fileRef = 3A059FC326C6C335005D67FC /* CustomTableViewCell.xib */; };
		3A059FF126D3428B005D67FC /* TaskView.swift in Sources */ = {isa = PBXBuildFile; fileRef = 3A059FF026D3428B005D67FC /* TaskView.swift */; };
		7B58C76326DCFFF8008724B8 /* TaskData.swift in Sources */ = {isa = PBXBuildFile; fileRef = 7B58C76226DCFFF8008724B8 /* TaskData.swift */; };
		7B58C76526DD1544008724B8 /* UICollectionView+Extension.swift in Sources */ = {isa = PBXBuildFile; fileRef = 7B58C76426DD1544008724B8 /* UICollectionView+Extension.swift */; };
/* End PBXBuildFile section */

/* Begin PBXFileReference section */
		3A059FA726C6B831005D67FC /* TableView in CollectionView.app */ = {isa = PBXFileReference; explicitFileType = wrapper.application; includeInIndex = 0; path = "TableView in CollectionView.app"; sourceTree = BUILT_PRODUCTS_DIR; };
		3A059FAA26C6B831005D67FC /* AppDelegate.swift */ = {isa = PBXFileReference; lastKnownFileType = sourcecode.swift; path = AppDelegate.swift; sourceTree = "<group>"; };
		3A059FAC26C6B831005D67FC /* SceneDelegate.swift */ = {isa = PBXFileReference; lastKnownFileType = sourcecode.swift; path = SceneDelegate.swift; sourceTree = "<group>"; };
		3A059FAE26C6B831005D67FC /* ViewController.swift */ = {isa = PBXFileReference; lastKnownFileType = sourcecode.swift; path = ViewController.swift; sourceTree = "<group>"; };
		3A059FB126C6B831005D67FC /* Base */ = {isa = PBXFileReference; lastKnownFileType = file.storyboard; name = Base; path = Base.lproj/Main.storyboard; sourceTree = "<group>"; };
		3A059FB326C6B832005D67FC /* Assets.xcassets */ = {isa = PBXFileReference; lastKnownFileType = folder.assetcatalog; path = Assets.xcassets; sourceTree = "<group>"; };
		3A059FB626C6B832005D67FC /* Base */ = {isa = PBXFileReference; lastKnownFileType = file.storyboard; name = Base; path = Base.lproj/LaunchScreen.storyboard; sourceTree = "<group>"; };
		3A059FB826C6B832005D67FC /* Info.plist */ = {isa = PBXFileReference; lastKnownFileType = text.plist.xml; path = Info.plist; sourceTree = "<group>"; };
		3A059FBE26C6BF31005D67FC /* CustomCollectionViewCell.swift */ = {isa = PBXFileReference; lastKnownFileType = sourcecode.swift; path = CustomCollectionViewCell.swift; sourceTree = "<group>"; };
		3A059FBF26C6BF31005D67FC /* CustomCollectionViewCell.xib */ = {isa = PBXFileReference; lastKnownFileType = file.xib; path = CustomCollectionViewCell.xib; sourceTree = "<group>"; };
		3A059FC226C6C335005D67FC /* CustomTableViewCell.swift */ = {isa = PBXFileReference; lastKnownFileType = sourcecode.swift; path = CustomTableViewCell.swift; sourceTree = "<group>"; };
		3A059FC326C6C335005D67FC /* CustomTableViewCell.xib */ = {isa = PBXFileReference; lastKnownFileType = file.xib; path = CustomTableViewCell.xib; sourceTree = "<group>"; };
		3A059FF026D3428B005D67FC /* TaskView.swift */ = {isa = PBXFileReference; lastKnownFileType = sourcecode.swift; path = TaskView.swift; sourceTree = "<group>"; };
		7B58C76226DCFFF8008724B8 /* TaskData.swift */ = {isa = PBXFileReference; lastKnownFileType = sourcecode.swift; path = TaskData.swift; sourceTree = "<group>"; };
		7B58C76426DD1544008724B8 /* UICollectionView+Extension.swift */ = {isa = PBXFileReference; lastKnownFileType = sourcecode.swift; path = "UICollectionView+Extension.swift"; sourceTree = "<group>"; };
/* End PBXFileReference section */

/* Begin PBXFrameworksBuildPhase section */
		3A059FA426C6B831005D67FC /* Frameworks */ = {
			isa = PBXFrameworksBuildPhase;
			buildActionMask = 2147483647;
			files = (
			);
			runOnlyForDeploymentPostprocessing = 0;
		};
/* End PBXFrameworksBuildPhase section */

/* Begin PBXGroup section */
		3A059F9E26C6B831005D67FC = {
			isa = PBXGroup;
			children = (
				3A059FA926C6B831005D67FC /* TableView in CollectionView */,
				3A059FA826C6B831005D67FC /* Products */,
			);
			sourceTree = "<group>";
		};
		3A059FA826C6B831005D67FC /* Products */ = {
			isa = PBXGroup;
			children = (
				3A059FA726C6B831005D67FC /* TableView in CollectionView.app */,
			);
			name = Products;
			sourceTree = "<group>";
		};
		3A059FA926C6B831005D67FC /* TableView in CollectionView */ = {
			isa = PBXGroup;
			children = (
				3A059FAA26C6B831005D67FC /* AppDelegate.swift */,
				3A059FAC26C6B831005D67FC /* SceneDelegate.swift */,
				3A059FAE26C6B831005D67FC /* ViewController.swift */,
				7B58C76626DD154B008724B8 /* Extension */,
				7B58C76226DCFFF8008724B8 /* TaskData.swift */,
				3A059FBE26C6BF31005D67FC /* CustomCollectionViewCell.swift */,
				3A059FBF26C6BF31005D67FC /* CustomCollectionViewCell.xib */,
				3A059FC226C6C335005D67FC /* CustomTableViewCell.swift */,
				3A059FF026D3428B005D67FC /* TaskView.swift */,
				3A059FC326C6C335005D67FC /* CustomTableViewCell.xib */,
				3A059FB026C6B831005D67FC /* Main.storyboard */,
				3A059FB326C6B832005D67FC /* Assets.xcassets */,
				3A059FB526C6B832005D67FC /* LaunchScreen.storyboard */,
				3A059FB826C6B832005D67FC /* Info.plist */,
			);
			path = "TableView in CollectionView";
			sourceTree = "<group>";
		};
		7B58C76626DD154B008724B8 /* Extension */ = {
			isa = PBXGroup;
			children = (
				7B58C76426DD1544008724B8 /* UICollectionView+Extension.swift */,
			);
			path = Extension;
			sourceTree = "<group>";
		};
/* End PBXGroup section */

/* Begin PBXNativeTarget section */
		3A059FA626C6B831005D67FC /* TableView in CollectionView */ = {
			isa = PBXNativeTarget;
			buildConfigurationList = 3A059FBB26C6B832005D67FC /* Build configuration list for PBXNativeTarget "TableView in CollectionView" */;
			buildPhases = (
				3A059FA326C6B831005D67FC /* Sources */,
				3A059FA426C6B831005D67FC /* Frameworks */,
				3A059FA526C6B831005D67FC /* Resources */,
			);
			buildRules = (
			);
			dependencies = (
			);
			name = "TableView in CollectionView";
			productName = "TableView in CollectionView";
			productReference = 3A059FA726C6B831005D67FC /* TableView in CollectionView.app */;
			productType = "com.apple.product-type.application";
		};
/* End PBXNativeTarget section */

/* Begin PBXProject section */
		3A059F9F26C6B831005D67FC /* Project object */ = {
			isa = PBXProject;
			attributes = {
				LastSwiftUpdateCheck = 1250;
				LastUpgradeCheck = 1250;
				TargetAttributes = {
					3A059FA626C6B831005D67FC = {
						CreatedOnToolsVersion = 12.5.1;
					};
				};
			};
			buildConfigurationList = 3A059FA226C6B831005D67FC /* Build configuration list for PBXProject "TableView in CollectionView" */;
			compatibilityVersion = "Xcode 9.3";
			developmentRegion = en;
			hasScannedForEncodings = 0;
			knownRegions = (
				en,
				Base,
			);
			mainGroup = 3A059F9E26C6B831005D67FC;
			productRefGroup = 3A059FA826C6B831005D67FC /* Products */;
			projectDirPath = "";
			projectRoot = "";
			targets = (
				3A059FA626C6B831005D67FC /* TableView in CollectionView */,
			);
		};
/* End PBXProject section */

/* Begin PBXResourcesBuildPhase section */
		3A059FA526C6B831005D67FC /* Resources */ = {
			isa = PBXResourcesBuildPhase;
			buildActionMask = 2147483647;
			files = (
				3A059FB726C6B832005D67FC /* LaunchScreen.storyboard in Resources */,
				3A059FC526C6C335005D67FC /* CustomTableViewCell.xib in Resources */,
				3A059FC126C6BF31005D67FC /* CustomCollectionViewCell.xib in Resources */,
				3A059FB426C6B832005D67FC /* Assets.xcassets in Resources */,
				3A059FB226C6B831005D67FC /* Main.storyboard in Resources */,
			);
			runOnlyForDeploymentPostprocessing = 0;
		};
/* End PBXResourcesBuildPhase section */

/* Begin PBXSourcesBuildPhase section */
		3A059FA326C6B831005D67FC /* Sources */ = {
			isa = PBXSourcesBuildPhase;
			buildActionMask = 2147483647;
			files = (
				7B58C76526DD1544008724B8 /* UICollectionView+Extension.swift in Sources */,
				3A059FC426C6C335005D67FC /* CustomTableViewCell.swift in Sources */,
				3A059FAF26C6B831005D67FC /* ViewController.swift in Sources */,
				3A059FC026C6BF31005D67FC /* CustomCollectionViewCell.swift in Sources */,
				3A059FF126D3428B005D67FC /* TaskView.swift in Sources */,
				7B58C76326DCFFF8008724B8 /* TaskData.swift in Sources */,
				3A059FAB26C6B831005D67FC /* AppDelegate.swift in Sources */,
				3A059FAD26C6B831005D67FC /* SceneDelegate.swift in Sources */,
			);
			runOnlyForDeploymentPostprocessing = 0;
		};
/* End PBXSourcesBuildPhase section */

/* Begin PBXVariantGroup section */
		3A059FB026C6B831005D67FC /* Main.storyboard */ = {
			isa = PBXVariantGroup;
			children = (
				3A059FB126C6B831005D67FC /* Base */,
			);
			name = Main.storyboard;
			sourceTree = "<group>";
		};
		3A059FB526C6B832005D67FC /* LaunchScreen.storyboard */ = {
			isa = PBXVariantGroup;
			children = (
				3A059FB626C6B832005D67FC /* Base */,
			);
			name = LaunchScreen.storyboard;
			sourceTree = "<group>";
		};
/* End PBXVariantGroup section */

/* Begin XCBuildConfiguration section */
		3A059FB926C6B832005D67FC /* Debug */ = {
			isa = XCBuildConfiguration;
			buildSettings = {
				ALWAYS_SEARCH_USER_PATHS = NO;
				CLANG_ANALYZER_NONNULL = YES;
				CLANG_ANALYZER_NUMBER_OBJECT_CONVERSION = YES_AGGRESSIVE;
				CLANG_CXX_LANGUAGE_STANDARD = "gnu++14";
				CLANG_CXX_LIBRARY = "libc++";
				CLANG_ENABLE_MODULES = YES;
				CLANG_ENABLE_OBJC_ARC = YES;
				CLANG_ENABLE_OBJC_WEAK = YES;
				CLANG_WARN_BLOCK_CAPTURE_AUTORELEASING = YES;
				CLANG_WARN_BOOL_CONVERSION = YES;
				CLANG_WARN_COMMA = YES;
				CLANG_WARN_CONSTANT_CONVERSION = YES;
				CLANG_WARN_DEPRECATED_OBJC_IMPLEMENTATIONS = YES;
				CLANG_WARN_DIRECT_OBJC_ISA_USAGE = YES_ERROR;
				CLANG_WARN_DOCUMENTATION_COMMENTS = YES;
				CLANG_WARN_EMPTY_BODY = YES;
				CLANG_WARN_ENUM_CONVERSION = YES;
				CLANG_WARN_INFINITE_RECURSION = YES;
				CLANG_WARN_INT_CONVERSION = YES;
				CLANG_WARN_NON_LITERAL_NULL_CONVERSION = YES;
				CLANG_WARN_OBJC_IMPLICIT_RETAIN_SELF = YES;
				CLANG_WARN_OBJC_LITERAL_CONVERSION = YES;
				CLANG_WARN_OBJC_ROOT_CLASS = YES_ERROR;
				CLANG_WARN_QUOTED_INCLUDE_IN_FRAMEWORK_HEADER = YES;
				CLANG_WARN_RANGE_LOOP_ANALYSIS = YES;
				CLANG_WARN_STRICT_PROTOTYPES = YES;
				CLANG_WARN_SUSPICIOUS_MOVE = YES;
				CLANG_WARN_UNGUARDED_AVAILABILITY = YES_AGGRESSIVE;
				CLANG_WARN_UNREACHABLE_CODE = YES;
				CLANG_WARN__DUPLICATE_METHOD_MATCH = YES;
				COPY_PHASE_STRIP = NO;
				DEBUG_INFORMATION_FORMAT = dwarf;
				ENABLE_STRICT_OBJC_MSGSEND = YES;
				ENABLE_TESTABILITY = YES;
				GCC_C_LANGUAGE_STANDARD = gnu11;
				GCC_DYNAMIC_NO_PIC = NO;
				GCC_NO_COMMON_BLOCKS = YES;
				GCC_OPTIMIZATION_LEVEL = 0;
				GCC_PREPROCESSOR_DEFINITIONS = (
					"DEBUG=1",
					"$(inherited)",
				);
				GCC_WARN_64_TO_32_BIT_CONVERSION = YES;
				GCC_WARN_ABOUT_RETURN_TYPE = YES_ERROR;
				GCC_WARN_UNDECLARED_SELECTOR = YES;
				GCC_WARN_UNINITIALIZED_AUTOS = YES_AGGRESSIVE;
				GCC_WARN_UNUSED_FUNCTION = YES;
				GCC_WARN_UNUSED_VARIABLE = YES;
				IPHONEOS_DEPLOYMENT_TARGET = 14.5;
				MTL_ENABLE_DEBUG_INFO = INCLUDE_SOURCE;
				MTL_FAST_MATH = YES;
				ONLY_ACTIVE_ARCH = YES;
				SDKROOT = iphoneos;
				SWIFT_ACTIVE_COMPILATION_CONDITIONS = DEBUG;
				SWIFT_OPTIMIZATION_LEVEL = "-Onone";
			};
			name = Debug;
		};
		3A059FBA26C6B832005D67FC /* Release */ = {
			isa = XCBuildConfiguration;
			buildSettings = {
				ALWAYS_SEARCH_USER_PATHS = NO;
				CLANG_ANALYZER_NONNULL = YES;
				CLANG_ANALYZER_NUMBER_OBJECT_CONVERSION = YES_AGGRESSIVE;
				CLANG_CXX_LANGUAGE_STANDARD = "gnu++14";
				CLANG_CXX_LIBRARY = "libc++";
				CLANG_ENABLE_MODULES = YES;
				CLANG_ENABLE_OBJC_ARC = YES;
				CLANG_ENABLE_OBJC_WEAK = YES;
				CLANG_WARN_BLOCK_CAPTURE_AUTORELEASING = YES;
				CLANG_WARN_BOOL_CONVERSION = YES;
				CLANG_WARN_COMMA = YES;
				CLANG_WARN_CONSTANT_CONVERSION = YES;
				CLANG_WARN_DEPRECATED_OBJC_IMPLEMENTATIONS = YES;
				CLANG_WARN_DIRECT_OBJC_ISA_USAGE = YES_ERROR;
				CLANG_WARN_DOCUMENTATION_COMMENTS = YES;
				CLANG_WARN_EMPTY_BODY = YES;
				CLANG_WARN_ENUM_CONVERSION = YES;
				CLANG_WARN_INFINITE_RECURSION = YES;
				CLANG_WARN_INT_CONVERSION = YES;
				CLANG_WARN_NON_LITERAL_NULL_CONVERSION = YES;
				CLANG_WARN_OBJC_IMPLICIT_RETAIN_SELF = YES;
				CLANG_WARN_OBJC_LITERAL_CONVERSION = YES;
				CLANG_WARN_OBJC_ROOT_CLASS = YES_ERROR;
				CLANG_WARN_QUOTED_INCLUDE_IN_FRAMEWORK_HEADER = YES;
				CLANG_WARN_RANGE_LOOP_ANALYSIS = YES;
				CLANG_WARN_STRICT_PROTOTYPES = YES;
				CLANG_WARN_SUSPICIOUS_MOVE = YES;
				CLANG_WARN_UNGUARDED_AVAILABILITY = YES_AGGRESSIVE;
				CLANG_WARN_UNREACHABLE_CODE = YES;
				CLANG_WARN__DUPLICATE_METHOD_MATCH = YES;
				COPY_PHASE_STRIP = NO;
				DEBUG_INFORMATION_FORMAT = "dwarf-with-dsym";
				ENABLE_NS_ASSERTIONS = NO;
				ENABLE_STRICT_OBJC_MSGSEND = YES;
				GCC_C_LANGUAGE_STANDARD = gnu11;
				GCC_NO_COMMON_BLOCKS = YES;
				GCC_WARN_64_TO_32_BIT_CONVERSION = YES;
				GCC_WARN_ABOUT_RETURN_TYPE = YES_ERROR;
				GCC_WARN_UNDECLARED_SELECTOR = YES;
				GCC_WARN_UNINITIALIZED_AUTOS = YES_AGGRESSIVE;
				GCC_WARN_UNUSED_FUNCTION = YES;
				GCC_WARN_UNUSED_VARIABLE = YES;
				IPHONEOS_DEPLOYMENT_TARGET = 14.5;
				MTL_ENABLE_DEBUG_INFO = NO;
				MTL_FAST_MATH = YES;
				SDKROOT = iphoneos;
				SWIFT_COMPILATION_MODE = wholemodule;
				SWIFT_OPTIMIZATION_LEVEL = "-O";
				VALIDATE_PRODUCT = YES;
			};
			name = Release;
		};
		3A059FBC26C6B832005D67FC /* Debug */ = {
			isa = XCBuildConfiguration;
			buildSettings = {
				ASSETCATALOG_COMPILER_APPICON_NAME = AppIcon;
				ASSETCATALOG_COMPILER_GLOBAL_ACCENT_COLOR_NAME = AccentColor;
				CODE_SIGN_STYLE = Automatic;
				INFOPLIST_FILE = "TableView in CollectionView/Info.plist";
				LD_RUNPATH_SEARCH_PATHS = (
					"$(inherited)",
					"@executable_path/Frameworks",
				);
				PRODUCT_BUNDLE_IDENTIFIER = "test.TableView-in-CollectionView";
				PRODUCT_NAME = "$(TARGET_NAME)";
				SWIFT_VERSION = 5.0;
				TARGETED_DEVICE_FAMILY = "1,2";
			};
			name = Debug;
		};
		3A059FBD26C6B832005D67FC /* Release */ = {
			isa = XCBuildConfiguration;
			buildSettings = {
				ASSETCATALOG_COMPILER_APPICON_NAME = AppIcon;
				ASSETCATALOG_COMPILER_GLOBAL_ACCENT_COLOR_NAME = AccentColor;
				CODE_SIGN_STYLE = Automatic;
				INFOPLIST_FILE = "TableView in CollectionView/Info.plist";
				LD_RUNPATH_SEARCH_PATHS = (
					"$(inherited)",
					"@executable_path/Frameworks",
				);
				PRODUCT_BUNDLE_IDENTIFIER = "test.TableView-in-CollectionView";
				PRODUCT_NAME = "$(TARGET_NAME)";
				SWIFT_VERSION = 5.0;
				TARGETED_DEVICE_FAMILY = "1,2";
			};
			name = Release;
		};
/* End XCBuildConfiguration section */

/* Begin XCConfigurationList section */
		3A059FA226C6B831005D67FC /* Build configuration list for PBXProject "TableView in CollectionView" */ = {
			isa = XCConfigurationList;
			buildConfigurations = (
				3A059FB926C6B832005D67FC /* Debug */,
				3A059FBA26C6B832005D67FC /* Release */,
			);
			defaultConfigurationIsVisible = 0;
			defaultConfigurationName = Release;
		};
		3A059FBB26C6B832005D67FC /* Build configuration list for PBXNativeTarget "TableView in CollectionView" */ = {
			isa = XCConfigurationList;
			buildConfigurations = (
				3A059FBC26C6B832005D67FC /* Debug */,
				3A059FBD26C6B832005D67FC /* Release */,
			);
			defaultConfigurationIsVisible = 0;
			defaultConfigurationName = Release;
		};
/* End XCConfigurationList section */
	};
	rootObject = 3A059F9F26C6B831005D67FC /* Project object */;
}
